
Microsoft Visual Studio Solution File, Format Version 12.00
# Visual Studio Version 16
VisualStudioVersion = 16.0.30503.244
MinimumVisualStudioVersion = 10.0.40219.1
Project("{9A19103F-16F7-4668-BE54-9A1E7A4F7556}") = "FootballCRM", "FootballCRM\FootballCRM.csproj", "{0EA6D5F1-2E02-4533-8A7E-9A0263D04B1E}"
EndProject
Project("{FAE04EC0-301F-11D3-BF4B-00C04F79EFBC}") = "Entities", "Entities\Entities.csproj", "{074DB0DC-C759-4042-AF1F-5B8A18ED4CC7}"
EndProject
Project("{FAE04EC0-301F-11D3-BF4B-00C04F79EFBC}") = "Contracts", "Sevices\Contracts.csproj", "{43B45908-3ED5-408B-BE7E-FE595B56D33A}"
EndProject
Project("{FAE04EC0-301F-11D3-BF4B-00C04F79EFBC}") = "Repository", "Repository\Repository.csproj", "{6EF68A2D-BB12-467B-8B24-A4620E631D14}"
EndProject
Global
	GlobalSection(SolutionConfigurationPlatforms) = preSolution
		Debug|Any CPU = Debug|Any CPU
		Release|Any CPU = Release|Any CPU
	EndGlobalSection
	GlobalSection(ProjectConfigurationPlatforms) = postSolution
		{0EA6D5F1-2E02-4533-8A7E-9A0263D04B1E}.Debug|Any CPU.ActiveCfg = Debug|Any CPU
		{0EA6D5F1-2E02-4533-8A7E-9A0263D04B1E}.Debug|Any CPU.Build.0 = Debug|Any CPU
		{0EA6D5F1-2E02-4533-8A7E-9A0263D04B1E}.Release|Any CPU.ActiveCfg = Release|Any CPU
		{0EA6D5F1-2E02-4533-8A7E-9A0263D04B1E}.Release|Any CPU.Build.0 = Release|Any CPU
		{074DB0DC-C759-4042-AF1F-5B8A18ED4CC7}.Debug|Any CPU.ActiveCfg = Debug|Any CPU
		{074DB0DC-C759-4042-AF1F-5B8A18ED4CC7}.Debug|Any CPU.Build.0 = Debug|Any CPU
		{074DB0DC-C759-4042-AF1F-5B8A18ED4CC7}.Release|Any CPU.ActiveCfg = Release|Any CPU
		{074DB0DC-C759-4042-AF1F-5B8A18ED4CC7}.Release|Any CPU.Build.0 = Release|Any CPU
		{43B45908-3ED5-408B-BE7E-FE595B56D33A}.Debug|Any CPU.ActiveCfg = Debug|Any CPU
		{43B45908-3ED5-408B-BE7E-FE595B56D33A}.Debug|Any CPU.Build.0 = Debug|Any CPU
		{43B45908-3ED5-408B-BE7E-FE595B56D33A}.Release|Any CPU.ActiveCfg = Release|Any CPU
		{43B45908-3ED5-408B-BE7E-FE595B56D33A}.Release|Any CPU.Build.0 = Release|Any CPU
		{6EF68A2D-BB12-467B-8B24-A4620E631D14}.Debug|Any CPU.ActiveCfg = Debug|Any CPU
		{6EF68A2D-BB12-467B-8B24-A4620E631D14}.Debug|Any CPU.Build.0 = Debug|Any CPU
		{6EF68A2D-BB12-467B-8B24-A4620E631D14}.Release|Any CPU.ActiveCfg = Release|Any CPU
		{6EF68A2D-BB12-467B-8B24-A4620E631D14}.Release|Any CPU.Build.0 = Release|Any CPU
	EndGlobalSection
	GlobalSection(SolutionProperties) = preSolution
		HideSolutionNode = FALSE
	EndGlobalSection
	GlobalSection(ExtensibilityGlobals) = postSolution
		SolutionGuid = {4825EF4A-569F-4148-9CB0-141BB770E4D4}
	EndGlobalSection
EndGlobal
